
Microsoft Visual Studio Solution File, Format Version 12.00
# Visual Studio 15
VisualStudioVersion = 15.0.27130.2036
MinimumVisualStudioVersion = 10.0.40219.1
Project("{8BC9CEB8-8B4A-11D0-8D11-00A0C91BC942}") = "PcrLib", "PcrLib.vcxproj", "{D716781D-3932-4311-BAD1-4F6A0AC5CF3F}"
EndProject
Global
	GlobalSection(SolutionConfigurationPlatforms) = preSolution
		Debug|x64 = Debug|x64
		Debug|x86 = Debug|x86
		Release|x64 = Release|x64
		Release|x86 = Release|x86
	EndGlobalSection
	GlobalSection(ProjectConfigurationPlatforms) = postSolution
		{D716781D-3932-4311-BAD1-4F6A0AC5CF3F}.Debug|x64.ActiveCfg = Debug|x64
		{D716781D-3932-4311-BAD1-4F6A0AC5CF3F}.Debug|x64.Build.0 = Debug|x64
		{D716781D-3932-4311-BAD1-4F6A0AC5CF3F}.Debug|x86.ActiveCfg = Debug|Win32
		{D716781D-3932-4311-BAD1-4F6A0AC5CF3F}.Debug|x86.Build.0 = Debug|Win32
		{D716781D-3932-4311-BAD1-4F6A0AC5CF3F}.Release|x64.ActiveCfg = Release|x64
		{D716781D-3932-4311-BAD1-4F6A0AC5CF3F}.Release|x64.Build.0 = Release|x64
		{D716781D-3932-4311-BAD1-4F6A0AC5CF3F}.Release|x86.ActiveCfg = Release|Win32
		{D716781D-3932-4311-BAD1-4F6A0AC5CF3F}.Release|x86.Build.0 = Release|Win32
	EndGlobalSection
	GlobalSection(SolutionProperties) = preSolution
		HideSolutionNode = FALSE
	EndGlobalSection
	GlobalSection(ExtensibilityGlobals) = postSolution
		SolutionGuid = {D9AF784C-AE19-408A-A10C-55C02462397F}
	EndGlobalSection
EndGlobal
