<?xml version="1.0" encoding="utf-8"?>
<Project ToolsVersion="4.0" xmlns="http://schemas.microsoft.com/developer/msbuild/2003">
  <ItemGroup>
    <Filter Include="Source Files">
      <UniqueIdentifier>{4FC737F1-C7A5-4376-A066-2A32D752A2FF}</UniqueIdentifier>
      <Extensions>cpp;c;cc;cxx;def;odl;idl;hpj;bat;asm;asmx</Extensions>
    </Filter>
    <Filter Include="Header Files">
      <UniqueIdentifier>{93995380-89BD-4b04-88EB-625FBE52EBFB}</UniqueIdentifier>
      <Extensions>h;hh;hpp;hxx;hm;inl;inc;xsd</Extensions>
    </Filter>
    <Filter Include="lib">
      <UniqueIdentifier>{c873e700-eb4e-42c9-b49b-487f07f0b8a7}</UniqueIdentifier>
    </Filter>
    <Filter Include="winui">
      <UniqueIdentifier>{d66d4ec1-56da-4ba7-98ce-3dde85b0f543}</UniqueIdentifier>
    </Filter>
    <Filter Include="pcloud">
      <UniqueIdentifier>{9c08c7b8-5a85-4aa2-9de3-40ad7e0e19b0}</UniqueIdentifier>
    </Filter>
    <Filter Include="pcloud\shaders">
      <UniqueIdentifier>{079664b3-2497-4583-8128-46f13fdfb91a}</UniqueIdentifier>
    </Filter>
  </ItemGroup>
  <ItemGroup>
    <ClInclude Include="stdafx.h">
      <Filter>Header Files</Filter>
    </ClInclude>
    <ClInclude Include="targetver.h">
      <Filter>Header Files</Filter>
    </ClInclude>
    <ClInclude Include="..\lib\compute.h">
      <Filter>lib</Filter>
    </ClInclude>
    <ClInclude Include="..\lib\cbuff.h">
      <Filter>lib</Filter>
    </ClInclude>
    <ClInclude Include="..\lib\camera.h">
      <Filter>lib</Filter>
    </ClInclude>
    <ClInclude Include="..\winui\ui.h">
      <Filter>winui</Filter>
    </ClInclude>
    <ClInclude Include="..\pcloud\pcloud.h">
      <Filter>pcloud</Filter>
    </ClInclude>
  </ItemGroup>
  <ItemGroup>
    <ClCompile Include="gtile.cpp">
      <Filter>Source Files</Filter>
    </ClCompile>
    <ClCompile Include="..\lib\trisample.cpp">
      <Filter>lib</Filter>
    </ClCompile>
    <ClCompile Include="..\lib\compute.cpp">
      <Filter>lib</Filter>
    </ClCompile>
    <ClCompile Include="..\lib\cbuff.cpp">
      <Filter>lib</Filter>
    </ClCompile>
    <ClCompile Include="..\lib\camera.cpp">
      <Filter>lib</Filter>
    </ClCompile>
    <ClCompile Include="..\winui\winui.cpp">
      <Filter>winui</Filter>
    </ClCompile>
    <ClCompile Include="..\pcloud\las.cpp">
      <Filter>pcloud</Filter>
    </ClCompile>
    <ClCompile Include="..\pcloud\testcloud.cpp">
      <Filter>pcloud</Filter>
    </ClCompile>
    <ClCompile Include="..\lib\app.cpp">
      <Filter>lib</Filter>
    </ClCompile>
    <ClCompile Include="..\lib\wave-test.cpp">
      <Filter>lib</Filter>
    </ClCompile>
    <ClCompile Include="..\lib\sdl-main.cpp">
      <Filter>lib</Filter>
    </ClCompile>
  </ItemGroup>
  <ItemGroup>
    <None Include="..\shaders\test.cs.glsl">
      <Filter>pcloud\shaders</Filter>
    </None>
    <None Include="..\shaders\vert-and-frag.glsl">
      <Filter>pcloud\shaders</Filter>
    </None>
    <None Include="..\shaders\wave-test.cs.glsl">
      <Filter>pcloud\shaders</Filter>
    </None>
    <None Include="..\shaders\post-proc.cs.glsl">
      <Filter>pcloud\shaders</Filter>
    </None>
  </ItemGroup>
</Project>