<?xml version="1.0" encoding="utf-8"?>
<Project ToolsVersion="4.0" xmlns="http://schemas.microsoft.com/developer/msbuild/2003">
  <ItemGroup>
    <Filter Include="Source Files">
      <UniqueIdentifier>{4FC737F1-C7A5-4376-A066-2A32D752A2FF}</UniqueIdentifier>
      <Extensions>cpp;c;cc;cxx;def;odl;idl;hpj;bat;asm;asmx</Extensions>
    </Filter>
    <Filter Include="Header Files">
      <UniqueIdentifier>{93995380-89BD-4b04-88EB-625FBE52EBFB}</UniqueIdentifier>
      <Extensions>h;hh;hpp;hxx;hm;inl;inc;xsd</Extensions>
    </Filter>
    <Filter Include="app">
      <UniqueIdentifier>{e021572d-b0ed-46f2-bbcc-ac0ea8290550}</UniqueIdentifier>
    </Filter>
    <Filter Include="win">
      <UniqueIdentifier>{f74d101e-8a51-4b9b-909f-a68892a68a6a}</UniqueIdentifier>
    </Filter>
  </ItemGroup>
  <ItemGroup>
    <ClInclude Include="stdafx.h">
      <Filter>Header Files</Filter>
    </ClInclude>
    <ClInclude Include="targetver.h">
      <Filter>Header Files</Filter>
    </ClInclude>
    <ClInclude Include="..\app\app-events.h">
      <Filter>app</Filter>
    </ClInclude>
    <ClInclude Include="..\app\app-camera.h">
      <Filter>app</Filter>
    </ClInclude>
    <ClInclude Include="..\app\app-testcloud.h">
      <Filter>app</Filter>
    </ClInclude>
    <ClInclude Include="..\app\app-las.h">
      <Filter>app</Filter>
    </ClInclude>
    <ClInclude Include="..\app\app-ply.h">
      <Filter>app</Filter>
    </ClInclude>
  </ItemGroup>
  <ItemGroup>
    <ClCompile Include="gtile.cpp">
      <Filter>Source Files</Filter>
    </ClCompile>
    <ClCompile Include="..\app\app-events.cpp">
      <Filter>app</Filter>
    </ClCompile>
    <ClCompile Include="..\app\app-camera.cpp">
      <Filter>app</Filter>
    </ClCompile>
    <ClCompile Include="..\app\app-testcloud.cpp">
      <Filter>app</Filter>
    </ClCompile>
    <ClCompile Include="..\app\app-las.cpp">
      <Filter>app</Filter>
    </ClCompile>
    <ClCompile Include="..\win\sdl-main.cpp">
      <Filter>win</Filter>
    </ClCompile>
    <ClCompile Include="..\win\winui\winui.cpp">
      <Filter>win</Filter>
    </ClCompile>
    <ClCompile Include="..\app\app-ply.cpp">
      <Filter>app</Filter>
    </ClCompile>
  </ItemGroup>
</Project>